// !$*UTF8*$!
{
	archiveVersion = 1;
	classes = {
	};
	objectVersion = 46;
	objects = {

/* Begin PBXBuildFile section */
		6428B7021B25A6D200A96CC7 /* ArticleViewController.swift in Sources */ = {isa = PBXBuildFile; fileRef = 6428B7011B25A6D200A96CC7 /* ArticleViewController.swift */; };
		644F4CBA1B2AE24000ACE86A /* Guide.swift in Sources */ = {isa = PBXBuildFile; fileRef = 644F4CB91B2AE24000ACE86A /* Guide.swift */; };
		648C91C21B29863500CF8D9E /* MyWikiTravel.xcdatamodeld in Sources */ = {isa = PBXBuildFile; fileRef = 648C91C01B29863500CF8D9E /* MyWikiTravel.xcdatamodeld */; };
		64C35ED21B34127D00CB9265 /* GuideCell.swift in Sources */ = {isa = PBXBuildFile; fileRef = 64C35ED11B34127D00CB9265 /* GuideCell.swift */; };
		64C35ED41B341ACA00CB9265 /* Article.png in Resources */ = {isa = PBXBuildFile; fileRef = 64C35ED31B341ACA00CB9265 /* Article.png */; };
		64C932C51B20A9D7004276A4 /* AppDelegate.swift in Sources */ = {isa = PBXBuildFile; fileRef = 64C932C41B20A9D7004276A4 /* AppDelegate.swift */; };
		64C932CA1B20A9D7004276A4 /* Main.storyboard in Resources */ = {isa = PBXBuildFile; fileRef = 64C932C81B20A9D7004276A4 /* Main.storyboard */; };
		64C932CC1B20A9D7004276A4 /* Images.xcassets in Resources */ = {isa = PBXBuildFile; fileRef = 64C932CB1B20A9D7004276A4 /* Images.xcassets */; };
		64C932CF1B20A9D7004276A4 /* LaunchScreen.xib in Resources */ = {isa = PBXBuildFile; fileRef = 64C932CD1B20A9D7004276A4 /* LaunchScreen.xib */; };
		64C932DB1B20A9D7004276A4 /* MyWikiTravelTests.swift in Sources */ = {isa = PBXBuildFile; fileRef = 64C932DA1B20A9D7004276A4 /* MyWikiTravelTests.swift */; };
		64C932E51B20AA14004276A4 /* MyGuidesViewController.swift in Sources */ = {isa = PBXBuildFile; fileRef = 64C932E41B20AA14004276A4 /* MyGuidesViewController.swift */; };
		64C932E71B20AA29004276A4 /* GuideViewController.swift in Sources */ = {isa = PBXBuildFile; fileRef = 64C932E61B20AA29004276A4 /* GuideViewController.swift */; };
		64C932E91B20AA49004276A4 /* SearchViewController.swift in Sources */ = {isa = PBXBuildFile; fileRef = 64C932E81B20AA49004276A4 /* SearchViewController.swift */; };
		64C932EB1B20CB0B004276A4 /* MediaWikiAPI.swift in Sources */ = {isa = PBXBuildFile; fileRef = 64C932EA1B20CB0B004276A4 /* MediaWikiAPI.swift */; };
		64DA404A1B3AE3CD00B28A76 /* Article.swift in Sources */ = {isa = PBXBuildFile; fileRef = 64DA40491B3AE3CD00B28A76 /* Article.swift */; };
		64DE9BBF1B318AF1001AE741 /* Searchresult.swift in Sources */ = {isa = PBXBuildFile; fileRef = 64DE9BBE1B318AF1001AE741 /* Searchresult.swift */; };
		64F150A71B33633500C3EEFE /* GuideCell.png in Resources */ = {isa = PBXBuildFile; fileRef = 64F150A61B33633500C3EEFE /* GuideCell.png */; };
/* End PBXBuildFile section */

/* Begin PBXContainerItemProxy section */
		64C932D51B20A9D7004276A4 /* PBXContainerItemProxy */ = {
			isa = PBXContainerItemProxy;
			containerPortal = 64C932B71B20A9D7004276A4 /* Project object */;
			proxyType = 1;
			remoteGlobalIDString = 64C932BE1B20A9D7004276A4;
			remoteInfo = MyWikiTravel;
		};
/* End PBXContainerItemProxy section */

/* Begin PBXFileReference section */
		6428B7011B25A6D200A96CC7 /* ArticleViewController.swift */ = {isa = PBXFileReference; fileEncoding = 4; lastKnownFileType = sourcecode.swift; path = ArticleViewController.swift; sourceTree = "<group>"; };
		644F4CB91B2AE24000ACE86A /* Guide.swift */ = {isa = PBXFileReference; fileEncoding = 4; lastKnownFileType = sourcecode.swift; path = Guide.swift; sourceTree = "<group>"; };
		648C91C11B29863500CF8D9E /* MyWikiTravel.xcdatamodel */ = {isa = PBXFileReference; lastKnownFileType = wrapper.xcdatamodel; path = MyWikiTravel.xcdatamodel; sourceTree = "<group>"; };
		64C35ED11B34127D00CB9265 /* GuideCell.swift */ = {isa = PBXFileReference; fileEncoding = 4; lastKnownFileType = sourcecode.swift; path = GuideCell.swift; sourceTree = "<group>"; };
		64C35ED31B341ACA00CB9265 /* Article.png */ = {isa = PBXFileReference; lastKnownFileType = image.png; path = Article.png; sourceTree = "<group>"; };
		64C932BF1B20A9D7004276A4 /* MyWikiTravel.app */ = {isa = PBXFileReference; explicitFileType = wrapper.application; includeInIndex = 0; path = MyWikiTravel.app; sourceTree = BUILT_PRODUCTS_DIR; };
		64C932C31B20A9D7004276A4 /* Info.plist */ = {isa = PBXFileReference; lastKnownFileType = text.plist.xml; path = Info.plist; sourceTree = "<group>"; };
		64C932C41B20A9D7004276A4 /* AppDelegate.swift */ = {isa = PBXFileReference; lastKnownFileType = sourcecode.swift; path = AppDelegate.swift; sourceTree = "<group>"; };
		64C932C91B20A9D7004276A4 /* Base */ = {isa = PBXFileReference; lastKnownFileType = file.storyboard; name = Base; path = Base.lproj/Main.storyboard; sourceTree = "<group>"; };
		64C932CB1B20A9D7004276A4 /* Images.xcassets */ = {isa = PBXFileReference; lastKnownFileType = folder.assetcatalog; path = Images.xcassets; sourceTree = "<group>"; };
		64C932CE1B20A9D7004276A4 /* Base */ = {isa = PBXFileReference; lastKnownFileType = file.xib; name = Base; path = Base.lproj/LaunchScreen.xib; sourceTree = "<group>"; };
		64C932D41B20A9D7004276A4 /* MyWikiTravelTests.xctest */ = {isa = PBXFileReference; explicitFileType = wrapper.cfbundle; includeInIndex = 0; path = MyWikiTravelTests.xctest; sourceTree = BUILT_PRODUCTS_DIR; };
		64C932D91B20A9D7004276A4 /* Info.plist */ = {isa = PBXFileReference; lastKnownFileType = text.plist.xml; path = Info.plist; sourceTree = "<group>"; };
		64C932DA1B20A9D7004276A4 /* MyWikiTravelTests.swift */ = {isa = PBXFileReference; lastKnownFileType = sourcecode.swift; path = MyWikiTravelTests.swift; sourceTree = "<group>"; };
		64C932E41B20AA14004276A4 /* MyGuidesViewController.swift */ = {isa = PBXFileReference; fileEncoding = 4; lastKnownFileType = sourcecode.swift; path = MyGuidesViewController.swift; sourceTree = "<group>"; };
		64C932E61B20AA29004276A4 /* GuideViewController.swift */ = {isa = PBXFileReference; fileEncoding = 4; lastKnownFileType = sourcecode.swift; path = GuideViewController.swift; sourceTree = "<group>"; };
		64C932E81B20AA49004276A4 /* SearchViewController.swift */ = {isa = PBXFileReference; fileEncoding = 4; lastKnownFileType = sourcecode.swift; path = SearchViewController.swift; sourceTree = "<group>"; };
		64C932EA1B20CB0B004276A4 /* MediaWikiAPI.swift */ = {isa = PBXFileReference; fileEncoding = 4; lastKnownFileType = sourcecode.swift; path = MediaWikiAPI.swift; sourceTree = "<group>"; };
		64DA40491B3AE3CD00B28A76 /* Article.swift */ = {isa = PBXFileReference; fileEncoding = 4; lastKnownFileType = sourcecode.swift; path = Article.swift; sourceTree = "<group>"; };
		64DE9BBE1B318AF1001AE741 /* Searchresult.swift */ = {isa = PBXFileReference; fileEncoding = 4; lastKnownFileType = sourcecode.swift; path = Searchresult.swift; sourceTree = "<group>"; };
		64F150A61B33633500C3EEFE /* GuideCell.png */ = {isa = PBXFileReference; lastKnownFileType = image.png; path = GuideCell.png; sourceTree = "<group>"; };
/* End PBXFileReference section */

/* Begin PBXFrameworksBuildPhase section */
		64C932BC1B20A9D7004276A4 /* Frameworks */ = {
			isa = PBXFrameworksBuildPhase;
			buildActionMask = 2147483647;
			files = (
			);
			runOnlyForDeploymentPostprocessing = 0;
		};
		64C932D11B20A9D7004276A4 /* Frameworks */ = {
			isa = PBXFrameworksBuildPhase;
			buildActionMask = 2147483647;
			files = (
			);
			runOnlyForDeploymentPostprocessing = 0;
		};
/* End PBXFrameworksBuildPhase section */

/* Begin PBXGroup section */
		64C932B61B20A9D7004276A4 = {
			isa = PBXGroup;
			children = (
				64C932C11B20A9D7004276A4 /* MyWikiTravel */,
				64C932D71B20A9D7004276A4 /* MyWikiTravelTests */,
				64C932C01B20A9D7004276A4 /* Products */,
			);
			sourceTree = "<group>";
		};
		64C932C01B20A9D7004276A4 /* Products */ = {
			isa = PBXGroup;
			children = (
				64C932BF1B20A9D7004276A4 /* MyWikiTravel.app */,
				64C932D41B20A9D7004276A4 /* MyWikiTravelTests.xctest */,
			);
			name = Products;
			sourceTree = "<group>";
		};
		64C932C11B20A9D7004276A4 /* MyWikiTravel */ = {
			isa = PBXGroup;
			children = (
				64C932C41B20A9D7004276A4 /* AppDelegate.swift */,
				64C932C81B20A9D7004276A4 /* Main.storyboard */,
				64C932E41B20AA14004276A4 /* MyGuidesViewController.swift */,
				64C932E61B20AA29004276A4 /* GuideViewController.swift */,
				64C932E81B20AA49004276A4 /* SearchViewController.swift */,
				6428B7011B25A6D200A96CC7 /* ArticleViewController.swift */,
				64C932EA1B20CB0B004276A4 /* MediaWikiAPI.swift */,
				64DE9BBE1B318AF1001AE741 /* Searchresult.swift */,
				644F4CB91B2AE24000ACE86A /* Guide.swift */,
				64DA40491B3AE3CD00B28A76 /* Article.swift */,
				64C35ED11B34127D00CB9265 /* GuideCell.swift */,
				64F150A61B33633500C3EEFE /* GuideCell.png */,
				64C35ED31B341ACA00CB9265 /* Article.png */,
				648C91C01B29863500CF8D9E /* MyWikiTravel.xcdatamodeld */,
				64C932CB1B20A9D7004276A4 /* Images.xcassets */,
				64C932CD1B20A9D7004276A4 /* LaunchScreen.xib */,
				64C932C21B20A9D7004276A4 /* Supporting Files */,
			);
			path = MyWikiTravel;
			sourceTree = "<group>";
		};
		64C932C21B20A9D7004276A4 /* Supporting Files */ = {
			isa = PBXGroup;
			children = (
				64C932C31B20A9D7004276A4 /* Info.plist */,
			);
			name = "Supporting Files";
			sourceTree = "<group>";
		};
		64C932D71B20A9D7004276A4 /* MyWikiTravelTests */ = {
			isa = PBXGroup;
			children = (
				64C932DA1B20A9D7004276A4 /* MyWikiTravelTests.swift */,
				64C932D81B20A9D7004276A4 /* Supporting Files */,
			);
			path = MyWikiTravelTests;
			sourceTree = "<group>";
		};
		64C932D81B20A9D7004276A4 /* Supporting Files */ = {
			isa = PBXGroup;
			children = (
				64C932D91B20A9D7004276A4 /* Info.plist */,
			);
			name = "Supporting Files";
			sourceTree = "<group>";
		};
/* End PBXGroup section */

/* Begin PBXNativeTarget section */
		64C932BE1B20A9D7004276A4 /* MyWikiTravel */ = {
			isa = PBXNativeTarget;
			buildConfigurationList = 64C932DE1B20A9D7004276A4 /* Build configuration list for PBXNativeTarget "MyWikiTravel" */;
			buildPhases = (
				64C932BB1B20A9D7004276A4 /* Sources */,
				64C932BC1B20A9D7004276A4 /* Frameworks */,
				64C932BD1B20A9D7004276A4 /* Resources */,
			);
			buildRules = (
			);
			dependencies = (
			);
			name = MyWikiTravel;
			productName = MyWikiTravel;
			productReference = 64C932BF1B20A9D7004276A4 /* MyWikiTravel.app */;
			productType = "com.apple.product-type.application";
		};
		64C932D31B20A9D7004276A4 /* MyWikiTravelTests */ = {
			isa = PBXNativeTarget;
			buildConfigurationList = 64C932E11B20A9D7004276A4 /* Build configuration list for PBXNativeTarget "MyWikiTravelTests" */;
			buildPhases = (
				64C932D01B20A9D7004276A4 /* Sources */,
				64C932D11B20A9D7004276A4 /* Frameworks */,
				64C932D21B20A9D7004276A4 /* Resources */,
			);
			buildRules = (
			);
			dependencies = (
				64C932D61B20A9D7004276A4 /* PBXTargetDependency */,
			);
			name = MyWikiTravelTests;
			productName = MyWikiTravelTests;
			productReference = 64C932D41B20A9D7004276A4 /* MyWikiTravelTests.xctest */;
			productType = "com.apple.product-type.bundle.unit-test";
		};
/* End PBXNativeTarget section */

/* Begin PBXProject section */
		64C932B71B20A9D7004276A4 /* Project object */ = {
			isa = PBXProject;
			attributes = {
				LastUpgradeCheck = 0630;
				ORGANIZATIONNAME = EliasGorter6052274;
				TargetAttributes = {
					64C932BE1B20A9D7004276A4 = {
						CreatedOnToolsVersion = 6.3.2;
					};
					64C932D31B20A9D7004276A4 = {
						CreatedOnToolsVersion = 6.3.2;
						TestTargetID = 64C932BE1B20A9D7004276A4;
					};
				};
			};
			buildConfigurationList = 64C932BA1B20A9D7004276A4 /* Build configuration list for PBXProject "MyWikiTravel" */;
			compatibilityVersion = "Xcode 3.2";
			developmentRegion = English;
			hasScannedForEncodings = 0;
			knownRegions = (
				en,
				Base,
			);
			mainGroup = 64C932B61B20A9D7004276A4;
			productRefGroup = 64C932C01B20A9D7004276A4 /* Products */;
			projectDirPath = "";
			projectRoot = "";
			targets = (
				64C932BE1B20A9D7004276A4 /* MyWikiTravel */,
				64C932D31B20A9D7004276A4 /* MyWikiTravelTests */,
			);
		};
/* End PBXProject section */

/* Begin PBXResourcesBuildPhase section */
		64C932BD1B20A9D7004276A4 /* Resources */ = {
			isa = PBXResourcesBuildPhase;
			buildActionMask = 2147483647;
			files = (
				64C932CA1B20A9D7004276A4 /* Main.storyboard in Resources */,
				64C932CF1B20A9D7004276A4 /* LaunchScreen.xib in Resources */,
				64C932CC1B20A9D7004276A4 /* Images.xcassets in Resources */,
				64C35ED41B341ACA00CB9265 /* Article.png in Resources */,
				64F150A71B33633500C3EEFE /* GuideCell.png in Resources */,
			);
			runOnlyForDeploymentPostprocessing = 0;
		};
		64C932D21B20A9D7004276A4 /* Resources */ = {
			isa = PBXResourcesBuildPhase;
			buildActionMask = 2147483647;
			files = (
			);
			runOnlyForDeploymentPostprocessing = 0;
		};
/* End PBXResourcesBuildPhase section */

/* Begin PBXSourcesBuildPhase section */
		64C932BB1B20A9D7004276A4 /* Sources */ = {
			isa = PBXSourcesBuildPhase;
			buildActionMask = 2147483647;
			files = (
				64DE9BBF1B318AF1001AE741 /* Searchresult.swift in Sources */,
				64C35ED21B34127D00CB9265 /* GuideCell.swift in Sources */,
				64C932C51B20A9D7004276A4 /* AppDelegate.swift in Sources */,
				64C932EB1B20CB0B004276A4 /* MediaWikiAPI.swift in Sources */,
				6428B7021B25A6D200A96CC7 /* ArticleViewController.swift in Sources */,
				64C932E51B20AA14004276A4 /* MyGuidesViewController.swift in Sources */,
				644F4CBA1B2AE24000ACE86A /* Guide.swift in Sources */,
				64DA404A1B3AE3CD00B28A76 /* Article.swift in Sources */,
				648C91C21B29863500CF8D9E /* MyWikiTravel.xcdatamodeld in Sources */,
				64C932E91B20AA49004276A4 /* SearchViewController.swift in Sources */,
				64C932E71B20AA29004276A4 /* GuideViewController.swift in Sources */,
			);
			runOnlyForDeploymentPostprocessing = 0;
		};
		64C932D01B20A9D7004276A4 /* Sources */ = {
			isa = PBXSourcesBuildPhase;
			buildActionMask = 2147483647;
			files = (
				64C932DB1B20A9D7004276A4 /* MyWikiTravelTests.swift in Sources */,
			);
			runOnlyForDeploymentPostprocessing = 0;
		};
/* End PBXSourcesBuildPhase section */

/* Begin PBXTargetDependency section */
		64C932D61B20A9D7004276A4 /* PBXTargetDependency */ = {
			isa = PBXTargetDependency;
			target = 64C932BE1B20A9D7004276A4 /* MyWikiTravel */;
			targetProxy = 64C932D51B20A9D7004276A4 /* PBXContainerItemProxy */;
		};
/* End PBXTargetDependency section */

/* Begin PBXVariantGroup section */
		64C932C81B20A9D7004276A4 /* Main.storyboard */ = {
			isa = PBXVariantGroup;
			children = (
				64C932C91B20A9D7004276A4 /* Base */,
			);
			name = Main.storyboard;
			sourceTree = "<group>";
		};
		64C932CD1B20A9D7004276A4 /* LaunchScreen.xib */ = {
			isa = PBXVariantGroup;
			children = (
				64C932CE1B20A9D7004276A4 /* Base */,
			);
			name = LaunchScreen.xib;
			sourceTree = "<group>";
		};
/* End PBXVariantGroup section */

/* Begin XCBuildConfiguration section */
		64C932DC1B20A9D7004276A4 /* Debug */ = {
			isa = XCBuildConfiguration;
			buildSettings = {
				ALWAYS_SEARCH_USER_PATHS = NO;
				CLANG_CXX_LANGUAGE_STANDARD = "gnu++0x";
				CLANG_CXX_LIBRARY = "libc++";
				CLANG_ENABLE_MODULES = YES;
				CLANG_ENABLE_OBJC_ARC = YES;
				CLANG_WARN_BOOL_CONVERSION = YES;
				CLANG_WARN_CONSTANT_CONVERSION = YES;
				CLANG_WARN_DIRECT_OBJC_ISA_USAGE = YES_ERROR;
				CLANG_WARN_EMPTY_BODY = YES;
				CLANG_WARN_ENUM_CONVERSION = YES;
				CLANG_WARN_INT_CONVERSION = YES;
				CLANG_WARN_OBJC_ROOT_CLASS = YES_ERROR;
				CLANG_WARN_UNREACHABLE_CODE = YES;
				CLANG_WARN__DUPLICATE_METHOD_MATCH = YES;
				"CODE_SIGN_IDENTITY[sdk=iphoneos*]" = "iPhone Developer";
				COPY_PHASE_STRIP = NO;
				DEBUG_INFORMATION_FORMAT = "dwarf-with-dsym";
				ENABLE_STRICT_OBJC_MSGSEND = YES;
				GCC_C_LANGUAGE_STANDARD = gnu99;
				GCC_DYNAMIC_NO_PIC = NO;
				GCC_NO_COMMON_BLOCKS = YES;
				GCC_OPTIMIZATION_LEVEL = 0;
				GCC_PREPROCESSOR_DEFINITIONS = (
					"DEBUG=1",
					"$(inherited)",
				);
				GCC_SYMBOLS_PRIVATE_EXTERN = NO;
				GCC_WARN_64_TO_32_BIT_CONVERSION = YES;
				GCC_WARN_ABOUT_RETURN_TYPE = YES_ERROR;
				GCC_WARN_UNDECLARED_SELECTOR = YES;
				GCC_WARN_UNINITIALIZED_AUTOS = YES_AGGRESSIVE;
				GCC_WARN_UNUSED_FUNCTION = YES;
				GCC_WARN_UNUSED_VARIABLE = YES;
				IPHONEOS_DEPLOYMENT_TARGET = 8.3;
				MTL_ENABLE_DEBUG_INFO = YES;
				ONLY_ACTIVE_ARCH = YES;
				SDKROOT = iphoneos;
				SWIFT_OPTIMIZATION_LEVEL = "-Onone";
			};
			name = Debug;
		};
		64C932DD1B20A9D7004276A4 /* Release */ = {
			isa = XCBuildConfiguration;
			buildSettings = {
				ALWAYS_SEARCH_USER_PATHS = NO;
				CLANG_CXX_LANGUAGE_STANDARD = "gnu++0x";
				CLANG_CXX_LIBRARY = "libc++";
				CLANG_ENABLE_MODULES = YES;
				CLANG_ENABLE_OBJC_ARC = YES;
				CLANG_WARN_BOOL_CONVERSION = YES;
				CLANG_WARN_CONSTANT_CONVERSION = YES;
				CLANG_WARN_DIRECT_OBJC_ISA_USAGE = YES_ERROR;
				CLANG_WARN_EMPTY_BODY = YES;
				CLANG_WARN_ENUM_CONVERSION = YES;
				CLANG_WARN_INT_CONVERSION = YES;
				CLANG_WARN_OBJC_ROOT_CLASS = YES_ERROR;
				CLANG_WARN_UNREACHABLE_CODE = YES;
				CLANG_WARN__DUPLICATE_METHOD_MATCH = YES;
				"CODE_SIGN_IDENTITY[sdk=iphoneos*]" = "iPhone Developer";
				COPY_PHASE_STRIP = NO;
				DEBUG_INFORMATION_FORMAT = "dwarf-with-dsym";
				ENABLE_NS_ASSERTIONS = NO;
				ENABLE_STRICT_OBJC_MSGSEND = YES;
				GCC_C_LANGUAGE_STANDARD = gnu99;
				GCC_NO_COMMON_BLOCKS = YES;
				GCC_WARN_64_TO_32_BIT_CONVERSION = YES;
				GCC_WARN_ABOUT_RETURN_TYPE = YES_ERROR;
				GCC_WARN_UNDECLARED_SELECTOR = YES;
				GCC_WARN_UNINITIALIZED_AUTOS = YES_AGGRESSIVE;
				GCC_WARN_UNUSED_FUNCTION = YES;
				GCC_WARN_UNUSED_VARIABLE = YES;
				IPHONEOS_DEPLOYMENT_TARGET = 8.3;
				MTL_ENABLE_DEBUG_INFO = NO;
				SDKROOT = iphoneos;
				VALIDATE_PRODUCT = YES;
			};
			name = Release;
		};
		64C932DF1B20A9D7004276A4 /* Debug */ = {
			isa = XCBuildConfiguration;
			buildSettings = {
				ASSETCATALOG_COMPILER_APPICON_NAME = AppIcon;
				INFOPLIST_FILE = MyWikiTravel/Info.plist;
				LD_RUNPATH_SEARCH_PATHS = "$(inherited) @executable_path/Frameworks";
				PRODUCT_NAME = "$(TARGET_NAME)";
			};
			name = Debug;
		};
		64C932E01B20A9D7004276A4 /* Release */ = {
			isa = XCBuildConfiguration;
			buildSettings = {
				ASSETCATALOG_COMPILER_APPICON_NAME = AppIcon;
				INFOPLIST_FILE = MyWikiTravel/Info.plist;
				LD_RUNPATH_SEARCH_PATHS = "$(inherited) @executable_path/Frameworks";
				PRODUCT_NAME = "$(TARGET_NAME)";
			};
			name = Release;
		};
		64C932E21B20A9D7004276A4 /* Debug */ = {
			isa = XCBuildConfiguration;
			buildSettings = {
				BUNDLE_LOADER = "$(TEST_HOST)";
				FRAMEWORK_SEARCH_PATHS = (
					"$(SDKROOT)/Developer/Library/Frameworks",
					"$(inherited)",
				);
				GCC_PREPROCESSOR_DEFINITIONS = (
					"DEBUG=1",
					"$(inherited)",
				);
				INFOPLIST_FILE = MyWikiTravelTests/Info.plist;
				LD_RUNPATH_SEARCH_PATHS = "$(inherited) @executable_path/Frameworks @loader_path/Frameworks";
				PRODUCT_NAME = "$(TARGET_NAME)";
				TEST_HOST = "$(BUILT_PRODUCTS_DIR)/MyWikiTravel.app/MyWikiTravel";
			};
			name = Debug;
		};
		64C932E31B20A9D7004276A4 /* Release */ = {
			isa = XCBuildConfiguration;
			buildSettings = {
				BUNDLE_LOADER = "$(TEST_HOST)";
				FRAMEWORK_SEARCH_PATHS = (
					"$(SDKROOT)/Developer/Library/Frameworks",
					"$(inherited)",
				);
				INFOPLIST_FILE = MyWikiTravelTests/Info.plist;
				LD_RUNPATH_SEARCH_PATHS = "$(inherited) @executable_path/Frameworks @loader_path/Frameworks";
				PRODUCT_NAME = "$(TARGET_NAME)";
				TEST_HOST = "$(BUILT_PRODUCTS_DIR)/MyWikiTravel.app/MyWikiTravel";
			};
			name = Release;
		};
/* End XCBuildConfiguration section */

/* Begin XCConfigurationList section */
		64C932BA1B20A9D7004276A4 /* Build configuration list for PBXProject "MyWikiTravel" */ = {
			isa = XCConfigurationList;
			buildConfigurations = (
				64C932DC1B20A9D7004276A4 /* Debug */,
				64C932DD1B20A9D7004276A4 /* Release */,
			);
			defaultConfigurationIsVisible = 0;
			defaultConfigurationName = Release;
		};
		64C932DE1B20A9D7004276A4 /* Build configuration list for PBXNativeTarget "MyWikiTravel" */ = {
			isa = XCConfigurationList;
			buildConfigurations = (
				64C932DF1B20A9D7004276A4 /* Debug */,
				64C932E01B20A9D7004276A4 /* Release */,
			);
			defaultConfigurationIsVisible = 0;
			defaultConfigurationName = Release;
		};
		64C932E11B20A9D7004276A4 /* Build configuration list for PBXNativeTarget "MyWikiTravelTests" */ = {
			isa = XCConfigurationList;
			buildConfigurations = (
				64C932E21B20A9D7004276A4 /* Debug */,
				64C932E31B20A9D7004276A4 /* Release */,
			);
			defaultConfigurationIsVisible = 0;
			defaultConfigurationName = Release;
		};
/* End XCConfigurationList section */

/* Begin XCVersionGroup section */
		648C91C01B29863500CF8D9E /* MyWikiTravel.xcdatamodeld */ = {
			isa = XCVersionGroup;
			children = (
				648C91C11B29863500CF8D9E /* MyWikiTravel.xcdatamodel */,
			);
			currentVersion = 648C91C11B29863500CF8D9E /* MyWikiTravel.xcdatamodel */;
			path = MyWikiTravel.xcdatamodeld;
			sourceTree = "<group>";
			versionGroupType = wrapper.xcdatamodel;
		};
/* End XCVersionGroup section */
	};
	rootObject = 64C932B71B20A9D7004276A4 /* Project object */;
}
